
Microsoft Visual Studio Solution File, Format Version 12.00
# Visual Studio Version 17
VisualStudioVersion = 17.4.33122.133
MinimumVisualStudioVersion = 10.0.40219.1
Project("{FAE04EC0-301F-11D3-BF4B-00C04F79EFBC}") = "HelpStockApp.Domain", "HelpStockApp.Domain\HelpStockApp.Domain.csproj", "{9E858867-8B7A-458C-B63F-AB9F6A1EF9F9}"
EndProject
Global
	GlobalSection(SolutionConfigurationPlatforms) = preSolution
		Debug|Any CPU = Debug|Any CPU
		Release|Any CPU = Release|Any CPU
	EndGlobalSection
	GlobalSection(ProjectConfigurationPlatforms) = postSolution
		{9E858867-8B7A-458C-B63F-AB9F6A1EF9F9}.Debug|Any CPU.ActiveCfg = Debug|Any CPU
		{9E858867-8B7A-458C-B63F-AB9F6A1EF9F9}.Debug|Any CPU.Build.0 = Debug|Any CPU
		{9E858867-8B7A-458C-B63F-AB9F6A1EF9F9}.Release|Any CPU.ActiveCfg = Release|Any CPU
		{9E858867-8B7A-458C-B63F-AB9F6A1EF9F9}.Release|Any CPU.Build.0 = Release|Any CPU
	EndGlobalSection
	GlobalSection(SolutionProperties) = preSolution
		HideSolutionNode = FALSE
	EndGlobalSection
	GlobalSection(ExtensibilityGlobals) = postSolution
		SolutionGuid = {B4340B48-2836-4D0A-A6A6-E4FBF9D1C681}
	EndGlobalSection
EndGlobal
